
Microsoft Visual Studio Solution File, Format Version 11.00
# Visual Studio 2010
Project("{2150E333-8FDC-42A3-9474-1A3956D46DE8}") = "Solution Items", "Solution Items", "{146B6AE0-65C8-423D-969A-4EF6F94345A3}"
	ProjectSection(SolutionItems) = preProject
		..\LICENSE = ..\LICENSE
		..\README = ..\README
	EndProjectSection
EndProject
Project("{FAE04EC0-301F-11D3-BF4B-00C04F79EFBC}") = "IntegrationTests", "IntegrationTests\IntegrationTests.csproj", "{66BBB347-2C6D-4A8E-9DCB-2ADB8A03F745}"
EndProject
Project("{FAE04EC0-301F-11D3-BF4B-00C04F79EFBC}") = "WindowsGameContent", "WindowsGameContent\WindowsGameContent.contentproj", "{C30AC555-1FF6-4F13-A91A-C28A51402019}"
EndProject
Project("{FAE04EC0-301F-11D3-BF4B-00C04F79EFBC}") = "WindowsGame", "WindowsGame\WindowsGame.csproj", "{6E90CFE3-53A9-4D21-A4E9-33C4D2368372}"
EndProject
Project("{FAE04EC0-301F-11D3-BF4B-00C04F79EFBC}") = "Samples", "Samples\Samples.csproj", "{BF2466D3-F97A-4F3C-8941-96D58A698124}"
EndProject
Project("{FAE04EC0-301F-11D3-BF4B-00C04F79EFBC}") = "EditorContent", "EditorContent\EditorContent.contentproj", "{B5D2E693-7426-4AA4-B822-1134E1BDE717}"
EndProject
Project("{FAE04EC0-301F-11D3-BF4B-00C04F79EFBC}") = "Editor", "Editor\Editor.csproj", "{F3F1FE52-4918-4DD9-B96F-EDA953E1F1FE}"
EndProject
Project("{FAE04EC0-301F-11D3-BF4B-00C04F79EFBC}") = "Xna", "Xna\Xna.csproj", "{7D81C75E-752B-46BF-87F4-A584B9B5EA2F}"
EndProject
Global
	GlobalSection(SolutionConfigurationPlatforms) = preSolution
		Debug|x86 = Debug|x86
		Release|x86 = Release|x86
	EndGlobalSection
	GlobalSection(ProjectConfigurationPlatforms) = postSolution
		{66BBB347-2C6D-4A8E-9DCB-2ADB8A03F745}.Debug|x86.ActiveCfg = Debug|Any CPU
		{66BBB347-2C6D-4A8E-9DCB-2ADB8A03F745}.Debug|x86.Build.0 = Debug|Any CPU
		{66BBB347-2C6D-4A8E-9DCB-2ADB8A03F745}.Release|x86.ActiveCfg = Release|Any CPU
		{66BBB347-2C6D-4A8E-9DCB-2ADB8A03F745}.Release|x86.Build.0 = Release|Any CPU
		{C30AC555-1FF6-4F13-A91A-C28A51402019}.Debug|x86.ActiveCfg = Debug|x86
		{C30AC555-1FF6-4F13-A91A-C28A51402019}.Release|x86.ActiveCfg = Release|x86
		{6E90CFE3-53A9-4D21-A4E9-33C4D2368372}.Debug|x86.ActiveCfg = Debug|x86
		{6E90CFE3-53A9-4D21-A4E9-33C4D2368372}.Debug|x86.Build.0 = Debug|x86
		{6E90CFE3-53A9-4D21-A4E9-33C4D2368372}.Release|x86.ActiveCfg = Release|x86
		{6E90CFE3-53A9-4D21-A4E9-33C4D2368372}.Release|x86.Build.0 = Release|x86
		{BF2466D3-F97A-4F3C-8941-96D58A698124}.Debug|x86.ActiveCfg = Debug|Any CPU
		{BF2466D3-F97A-4F3C-8941-96D58A698124}.Debug|x86.Build.0 = Debug|Any CPU
		{BF2466D3-F97A-4F3C-8941-96D58A698124}.Release|x86.ActiveCfg = Release|Any CPU
		{BF2466D3-F97A-4F3C-8941-96D58A698124}.Release|x86.Build.0 = Release|Any CPU
		{B5D2E693-7426-4AA4-B822-1134E1BDE717}.Debug|x86.ActiveCfg = Debug|x86
		{B5D2E693-7426-4AA4-B822-1134E1BDE717}.Debug|x86.Build.0 = Debug|x86
		{B5D2E693-7426-4AA4-B822-1134E1BDE717}.Release|x86.ActiveCfg = Release|x86
		{F3F1FE52-4918-4DD9-B96F-EDA953E1F1FE}.Debug|x86.ActiveCfg = Debug|x86
		{F3F1FE52-4918-4DD9-B96F-EDA953E1F1FE}.Debug|x86.Build.0 = Debug|x86
		{F3F1FE52-4918-4DD9-B96F-EDA953E1F1FE}.Release|x86.ActiveCfg = Release|x86
		{F3F1FE52-4918-4DD9-B96F-EDA953E1F1FE}.Release|x86.Build.0 = Release|x86
		{7D81C75E-752B-46BF-87F4-A584B9B5EA2F}.Debug|x86.ActiveCfg = Debug|Any CPU
		{7D81C75E-752B-46BF-87F4-A584B9B5EA2F}.Debug|x86.Build.0 = Debug|Any CPU
		{7D81C75E-752B-46BF-87F4-A584B9B5EA2F}.Release|x86.ActiveCfg = Release|Any CPU
		{7D81C75E-752B-46BF-87F4-A584B9B5EA2F}.Release|x86.Build.0 = Release|Any CPU
	EndGlobalSection
	GlobalSection(SolutionProperties) = preSolution
		HideSolutionNode = FALSE
	EndGlobalSection
EndGlobal
